
Microsoft Visual Studio Solution File, Format Version 12.00
# Visual Studio Version 17
VisualStudioVersion = 17.11.35327.3
MinimumVisualStudioVersion = 10.0.40219.1
Project("{9A19103F-16F7-4668-BE54-9A1E7A4F7556}") = "EdFi.AdminConsole.InstanceManagementWorker", "EdFi.AdminConsole.InstanceManagementWorker\EdFi.AdminConsole.InstanceManagementWorker.csproj", "{372F74C2-5769-43C2-A5A9-0FAB4A61536F}"
EndProject
Project("{FAE04EC0-301F-11D3-BF4B-00C04F79EFBC}") = "EdFi.AdminConsole.InstanceMgrWorker.Configuration", "EdFi.AdminConsole.InstanceMgrWorker.Provisioner\EdFi.AdminConsole.InstanceMgrWorker.Configuration.csproj", "{A7EFACFC-24E2-4926-AE09-7F0DF2AF2C63}"
EndProject
Project("{FAE04EC0-301F-11D3-BF4B-00C04F79EFBC}") = "EdFi.AdminConsole.InstanceMgrWorker.Core", "EdFi.AdminConsole.InstanceMgrWorker.Core\EdFi.AdminConsole.InstanceMgrWorker.Core.csproj", "{7AA0D749-D3FF-4496-8B28-612782722A80}"
EndProject
Global
	GlobalSection(SolutionConfigurationPlatforms) = preSolution
		Debug|Any CPU = Debug|Any CPU
		Release|Any CPU = Release|Any CPU
	EndGlobalSection
	GlobalSection(ProjectConfigurationPlatforms) = postSolution
		{372F74C2-5769-43C2-A5A9-0FAB4A61536F}.Debug|Any CPU.ActiveCfg = Debug|Any CPU
		{372F74C2-5769-43C2-A5A9-0FAB4A61536F}.Debug|Any CPU.Build.0 = Debug|Any CPU
		{372F74C2-5769-43C2-A5A9-0FAB4A61536F}.Release|Any CPU.ActiveCfg = Release|Any CPU
		{372F74C2-5769-43C2-A5A9-0FAB4A61536F}.Release|Any CPU.Build.0 = Release|Any CPU
		{A7EFACFC-24E2-4926-AE09-7F0DF2AF2C63}.Debug|Any CPU.ActiveCfg = Debug|Any CPU
		{A7EFACFC-24E2-4926-AE09-7F0DF2AF2C63}.Debug|Any CPU.Build.0 = Debug|Any CPU
		{A7EFACFC-24E2-4926-AE09-7F0DF2AF2C63}.Release|Any CPU.ActiveCfg = Release|Any CPU
		{A7EFACFC-24E2-4926-AE09-7F0DF2AF2C63}.Release|Any CPU.Build.0 = Release|Any CPU
		{7AA0D749-D3FF-4496-8B28-612782722A80}.Debug|Any CPU.ActiveCfg = Debug|Any CPU
		{7AA0D749-D3FF-4496-8B28-612782722A80}.Debug|Any CPU.Build.0 = Debug|Any CPU
		{7AA0D749-D3FF-4496-8B28-612782722A80}.Release|Any CPU.ActiveCfg = Release|Any CPU
		{7AA0D749-D3FF-4496-8B28-612782722A80}.Release|Any CPU.Build.0 = Release|Any CPU
	EndGlobalSection
	GlobalSection(SolutionProperties) = preSolution
		HideSolutionNode = FALSE
	EndGlobalSection
	GlobalSection(ExtensibilityGlobals) = postSolution
		SolutionGuid = {26E960CE-2D68-4763-A78A-1EB3DA59E723}
	EndGlobalSection
EndGlobal
